// !$*UTF8*$!
{
	archiveVersion = 1;
	classes = {
	};
	objectVersion = 50;
	objects = {

/* Begin PBXBuildFile section */
		86F80F8E218AA44F005BF316 /* SideAnimtor.swift in Sources */ = {isa = PBXBuildFile; fileRef = 86F80F8D218AA44F005BF316 /* SideAnimtor.swift */; };
		86F80F90218E3B5C005BF316 /* HistoryDataProvider.swift in Sources */ = {isa = PBXBuildFile; fileRef = 86F80F8F218E3B5C005BF316 /* HistoryDataProvider.swift */; };
		86F80F9A21901FAC005BF316 /* DataTableViewCell.swift in Sources */ = {isa = PBXBuildFile; fileRef = 86F80F9921901FAC005BF316 /* DataTableViewCell.swift */; };
		86F80F9C219020B1005BF316 /* HeaderTableViewCell.swift in Sources */ = {isa = PBXBuildFile; fileRef = 86F80F9B219020B1005BF316 /* HeaderTableViewCell.swift */; };
		A3D56E98217C724B007385C0 /* AppDelegate.swift in Sources */ = {isa = PBXBuildFile; fileRef = A3D56E97217C724B007385C0 /* AppDelegate.swift */; };
		A3D56E9A217C724B007385C0 /* MainViewController.swift in Sources */ = {isa = PBXBuildFile; fileRef = A3D56E99217C724B007385C0 /* MainViewController.swift */; };
		A3D56E9F217C724D007385C0 /* Assets.xcassets in Resources */ = {isa = PBXBuildFile; fileRef = A3D56E9E217C724D007385C0 /* Assets.xcassets */; };
		A3D56EA2217C724D007385C0 /* LaunchScreen.storyboard in Resources */ = {isa = PBXBuildFile; fileRef = A3D56EA0217C724D007385C0 /* LaunchScreen.storyboard */; };
		A3D56EAA217C8DD2007385C0 /* HistoryViewController.swift in Sources */ = {isa = PBXBuildFile; fileRef = A3D56EA9217C8DD2007385C0 /* HistoryViewController.swift */; };
		A3D56EAC217C911F007385C0 /* ScreenView.xib in Resources */ = {isa = PBXBuildFile; fileRef = A3D56EAB217C911F007385C0 /* ScreenView.xib */; };
		A3D56EAE217C9149007385C0 /* ScreenView.swift in Sources */ = {isa = PBXBuildFile; fileRef = A3D56EAD217C9149007385C0 /* ScreenView.swift */; };
		A3D56EB0217C92A5007385C0 /* NumberView.xib in Resources */ = {isa = PBXBuildFile; fileRef = A3D56EAF217C92A5007385C0 /* NumberView.xib */; };
		A3D56EB2217C9301007385C0 /* NumberView.swift in Sources */ = {isa = PBXBuildFile; fileRef = A3D56EB1217C9301007385C0 /* NumberView.swift */; };
		A3D56EBB2181C555007385C0 /* ButtonCollectionViewCell.swift in Sources */ = {isa = PBXBuildFile; fileRef = A3D56EB92181C555007385C0 /* ButtonCollectionViewCell.swift */; };
		A3D56EBC2181C555007385C0 /* ButtonCollectionViewCell.xib in Resources */ = {isa = PBXBuildFile; fileRef = A3D56EBA2181C555007385C0 /* ButtonCollectionViewCell.xib */; };
/* End PBXBuildFile section */

/* Begin PBXFileReference section */
		86F80F8D218AA44F005BF316 /* SideAnimtor.swift */ = {isa = PBXFileReference; lastKnownFileType = sourcecode.swift; path = SideAnimtor.swift; sourceTree = "<group>"; };
		86F80F8F218E3B5C005BF316 /* HistoryDataProvider.swift */ = {isa = PBXFileReference; lastKnownFileType = sourcecode.swift; path = HistoryDataProvider.swift; sourceTree = "<group>"; };
		86F80F9921901FAC005BF316 /* DataTableViewCell.swift */ = {isa = PBXFileReference; lastKnownFileType = sourcecode.swift; path = DataTableViewCell.swift; sourceTree = "<group>"; };
		86F80F9B219020B1005BF316 /* HeaderTableViewCell.swift */ = {isa = PBXFileReference; lastKnownFileType = sourcecode.swift; path = HeaderTableViewCell.swift; sourceTree = "<group>"; };
		A3D56E94217C724B007385C0 /* jrcalc.app */ = {isa = PBXFileReference; explicitFileType = wrapper.application; includeInIndex = 0; path = jrcalc.app; sourceTree = BUILT_PRODUCTS_DIR; };
		A3D56E97217C724B007385C0 /* AppDelegate.swift */ = {isa = PBXFileReference; lastKnownFileType = sourcecode.swift; path = AppDelegate.swift; sourceTree = "<group>"; };
		A3D56E99217C724B007385C0 /* MainViewController.swift */ = {isa = PBXFileReference; lastKnownFileType = sourcecode.swift; path = MainViewController.swift; sourceTree = "<group>"; };
		A3D56E9E217C724D007385C0 /* Assets.xcassets */ = {isa = PBXFileReference; lastKnownFileType = folder.assetcatalog; path = Assets.xcassets; sourceTree = "<group>"; };
		A3D56EA1217C724D007385C0 /* Base */ = {isa = PBXFileReference; lastKnownFileType = file.storyboard; name = Base; path = Base.lproj/LaunchScreen.storyboard; sourceTree = "<group>"; };
		A3D56EA3217C724D007385C0 /* Info.plist */ = {isa = PBXFileReference; lastKnownFileType = text.plist.xml; path = Info.plist; sourceTree = "<group>"; };
		A3D56EA9217C8DD2007385C0 /* HistoryViewController.swift */ = {isa = PBXFileReference; lastKnownFileType = sourcecode.swift; path = HistoryViewController.swift; sourceTree = "<group>"; };
		A3D56EAB217C911F007385C0 /* ScreenView.xib */ = {isa = PBXFileReference; lastKnownFileType = file.xib; path = ScreenView.xib; sourceTree = "<group>"; };
		A3D56EAD217C9149007385C0 /* ScreenView.swift */ = {isa = PBXFileReference; lastKnownFileType = sourcecode.swift; path = ScreenView.swift; sourceTree = "<group>"; };
		A3D56EAF217C92A5007385C0 /* NumberView.xib */ = {isa = PBXFileReference; lastKnownFileType = file.xib; path = NumberView.xib; sourceTree = "<group>"; };
		A3D56EB1217C9301007385C0 /* NumberView.swift */ = {isa = PBXFileReference; lastKnownFileType = sourcecode.swift; path = NumberView.swift; sourceTree = "<group>"; };
		A3D56EB92181C555007385C0 /* ButtonCollectionViewCell.swift */ = {isa = PBXFileReference; lastKnownFileType = sourcecode.swift; path = ButtonCollectionViewCell.swift; sourceTree = "<group>"; };
		A3D56EBA2181C555007385C0 /* ButtonCollectionViewCell.xib */ = {isa = PBXFileReference; lastKnownFileType = file.xib; path = ButtonCollectionViewCell.xib; sourceTree = "<group>"; };
/* End PBXFileReference section */

/* Begin PBXFrameworksBuildPhase section */
		A3D56E91217C724A007385C0 /* Frameworks */ = {
			isa = PBXFrameworksBuildPhase;
			buildActionMask = 2147483647;
			files = (
			);
			runOnlyForDeploymentPostprocessing = 0;
		};
/* End PBXFrameworksBuildPhase section */

/* Begin PBXGroup section */
		A3D56E8B217C724A007385C0 = {
			isa = PBXGroup;
			children = (
				A3D56E96217C724B007385C0 /* jrcalc */,
				A3D56E95217C724B007385C0 /* Products */,
			);
			sourceTree = "<group>";
		};
		A3D56E95217C724B007385C0 /* Products */ = {
			isa = PBXGroup;
			children = (
				A3D56E94217C724B007385C0 /* jrcalc.app */,
			);
			name = Products;
			sourceTree = "<group>";
		};
		A3D56E96217C724B007385C0 /* jrcalc */ = {
			isa = PBXGroup;
			children = (
				A3D56E97217C724B007385C0 /* AppDelegate.swift */,
				86F80F8F218E3B5C005BF316 /* HistoryDataProvider.swift */,
				A3D56EB5217C935C007385C0 /* Main */,
				A3D56EB6217C9384007385C0 /* History */,
				A3D56E9E217C724D007385C0 /* Assets.xcassets */,
				A3D56EA0217C724D007385C0 /* LaunchScreen.storyboard */,
				A3D56EA3217C724D007385C0 /* Info.plist */,
			);
			path = jrcalc;
			sourceTree = "<group>";
		};
		A3D56EB5217C935C007385C0 /* Main */ = {
			isa = PBXGroup;
			children = (
				A3D56E99217C724B007385C0 /* MainViewController.swift */,
				86F80F8D218AA44F005BF316 /* SideAnimtor.swift */,
				A3D56EAB217C911F007385C0 /* ScreenView.xib */,
				A3D56EAD217C9149007385C0 /* ScreenView.swift */,
				A3D56EAF217C92A5007385C0 /* NumberView.xib */,
				A3D56EB1217C9301007385C0 /* NumberView.swift */,
				A3D56EB92181C555007385C0 /* ButtonCollectionViewCell.swift */,
				A3D56EBA2181C555007385C0 /* ButtonCollectionViewCell.xib */,
			);
			path = Main;
			sourceTree = "<group>";
		};
		A3D56EB6217C9384007385C0 /* History */ = {
			isa = PBXGroup;
			children = (
				A3D56EA9217C8DD2007385C0 /* HistoryViewController.swift */,
				86F80F9921901FAC005BF316 /* DataTableViewCell.swift */,
				86F80F9B219020B1005BF316 /* HeaderTableViewCell.swift */,
			);
			path = History;
			sourceTree = "<group>";
		};
/* End PBXGroup section */

/* Begin PBXNativeTarget section */
		A3D56E93217C724A007385C0 /* jrcalc */ = {
			isa = PBXNativeTarget;
			buildConfigurationList = A3D56EA6217C724D007385C0 /* Build configuration list for PBXNativeTarget "jrcalc" */;
			buildPhases = (
				A3D56E90217C724A007385C0 /* Sources */,
				A3D56E91217C724A007385C0 /* Frameworks */,
				A3D56E92217C724A007385C0 /* Resources */,
			);
			buildRules = (
			);
			dependencies = (
			);
			name = jrcalc;
			productName = jrcalc;
			productReference = A3D56E94217C724B007385C0 /* jrcalc.app */;
			productType = "com.apple.product-type.application";
		};
/* End PBXNativeTarget section */

/* Begin PBXProject section */
		A3D56E8C217C724A007385C0 /* Project object */ = {
			isa = PBXProject;
			attributes = {
				LastSwiftUpdateCheck = 1000;
				LastUpgradeCheck = 1000;
				ORGANIZATIONNAME = "Юлия";
				TargetAttributes = {
					A3D56E93217C724A007385C0 = {
						CreatedOnToolsVersion = 10.0;
					};
				};
			};
			buildConfigurationList = A3D56E8F217C724A007385C0 /* Build configuration list for PBXProject "jrcalc" */;
			compatibilityVersion = "Xcode 9.3";
			developmentRegion = en;
			hasScannedForEncodings = 0;
			knownRegions = (
				en,
				Base,
			);
			mainGroup = A3D56E8B217C724A007385C0;
			productRefGroup = A3D56E95217C724B007385C0 /* Products */;
			projectDirPath = "";
			projectRoot = "";
			targets = (
				A3D56E93217C724A007385C0 /* jrcalc */,
			);
		};
/* End PBXProject section */

/* Begin PBXResourcesBuildPhase section */
		A3D56E92217C724A007385C0 /* Resources */ = {
			isa = PBXResourcesBuildPhase;
			buildActionMask = 2147483647;
			files = (
				A3D56EA2217C724D007385C0 /* LaunchScreen.storyboard in Resources */,
				A3D56EB0217C92A5007385C0 /* NumberView.xib in Resources */,
				A3D56EBC2181C555007385C0 /* ButtonCollectionViewCell.xib in Resources */,
				A3D56E9F217C724D007385C0 /* Assets.xcassets in Resources */,
				A3D56EAC217C911F007385C0 /* ScreenView.xib in Resources */,
			);
			runOnlyForDeploymentPostprocessing = 0;
		};
/* End PBXResourcesBuildPhase section */

/* Begin PBXSourcesBuildPhase section */
		A3D56E90217C724A007385C0 /* Sources */ = {
			isa = PBXSourcesBuildPhase;
			buildActionMask = 2147483647;
			files = (
				A3D56EAA217C8DD2007385C0 /* HistoryViewController.swift in Sources */,
				A3D56E9A217C724B007385C0 /* MainViewController.swift in Sources */,
				A3D56EAE217C9149007385C0 /* ScreenView.swift in Sources */,
				86F80F90218E3B5C005BF316 /* HistoryDataProvider.swift in Sources */,
				86F80F9A21901FAC005BF316 /* DataTableViewCell.swift in Sources */,
				A3D56EB2217C9301007385C0 /* NumberView.swift in Sources */,
				86F80F9C219020B1005BF316 /* HeaderTableViewCell.swift in Sources */,
				A3D56EBB2181C555007385C0 /* ButtonCollectionViewCell.swift in Sources */,
				86F80F8E218AA44F005BF316 /* SideAnimtor.swift in Sources */,
				A3D56E98217C724B007385C0 /* AppDelegate.swift in Sources */,
			);
			runOnlyForDeploymentPostprocessing = 0;
		};
/* End PBXSourcesBuildPhase section */

/* Begin PBXVariantGroup section */
		A3D56EA0217C724D007385C0 /* LaunchScreen.storyboard */ = {
			isa = PBXVariantGroup;
			children = (
				A3D56EA1217C724D007385C0 /* Base */,
			);
			name = LaunchScreen.storyboard;
			sourceTree = "<group>";
		};
/* End PBXVariantGroup section */

/* Begin XCBuildConfiguration section */
		A3D56EA4217C724D007385C0 /* Debug */ = {
			isa = XCBuildConfiguration;
			buildSettings = {
				ALWAYS_SEARCH_USER_PATHS = NO;
				CLANG_ANALYZER_NONNULL = YES;
				CLANG_ANALYZER_NUMBER_OBJECT_CONVERSION = YES_AGGRESSIVE;
				CLANG_CXX_LANGUAGE_STANDARD = "gnu++14";
				CLANG_CXX_LIBRARY = "libc++";
				CLANG_ENABLE_MODULES = YES;
				CLANG_ENABLE_OBJC_ARC = YES;
				CLANG_ENABLE_OBJC_WEAK = YES;
				CLANG_WARN_BLOCK_CAPTURE_AUTORELEASING = YES;
				CLANG_WARN_BOOL_CONVERSION = YES;
				CLANG_WARN_COMMA = YES;
				CLANG_WARN_CONSTANT_CONVERSION = YES;
				CLANG_WARN_DEPRECATED_OBJC_IMPLEMENTATIONS = YES;
				CLANG_WARN_DIRECT_OBJC_ISA_USAGE = YES_ERROR;
				CLANG_WARN_DOCUMENTATION_COMMENTS = YES;
				CLANG_WARN_EMPTY_BODY = YES;
				CLANG_WARN_ENUM_CONVERSION = YES;
				CLANG_WARN_INFINITE_RECURSION = YES;
				CLANG_WARN_INT_CONVERSION = YES;
				CLANG_WARN_NON_LITERAL_NULL_CONVERSION = YES;
				CLANG_WARN_OBJC_IMPLICIT_RETAIN_SELF = YES;
				CLANG_WARN_OBJC_LITERAL_CONVERSION = YES;
				CLANG_WARN_OBJC_ROOT_CLASS = YES_ERROR;
				CLANG_WARN_RANGE_LOOP_ANALYSIS = YES;
				CLANG_WARN_STRICT_PROTOTYPES = YES;
				CLANG_WARN_SUSPICIOUS_MOVE = YES;
				CLANG_WARN_UNGUARDED_AVAILABILITY = YES_AGGRESSIVE;
				CLANG_WARN_UNREACHABLE_CODE = YES;
				CLANG_WARN__DUPLICATE_METHOD_MATCH = YES;
				CODE_SIGN_IDENTITY = "iPhone Developer";
				COPY_PHASE_STRIP = NO;
				DEBUG_INFORMATION_FORMAT = dwarf;
				ENABLE_STRICT_OBJC_MSGSEND = YES;
				ENABLE_TESTABILITY = YES;
				GCC_C_LANGUAGE_STANDARD = gnu11;
				GCC_DYNAMIC_NO_PIC = NO;
				GCC_NO_COMMON_BLOCKS = YES;
				GCC_OPTIMIZATION_LEVEL = 0;
				GCC_PREPROCESSOR_DEFINITIONS = (
					"DEBUG=1",
					"$(inherited)",
				);
				GCC_WARN_64_TO_32_BIT_CONVERSION = YES;
				GCC_WARN_ABOUT_RETURN_TYPE = YES_ERROR;
				GCC_WARN_UNDECLARED_SELECTOR = YES;
				GCC_WARN_UNINITIALIZED_AUTOS = YES_AGGRESSIVE;
				GCC_WARN_UNUSED_FUNCTION = YES;
				GCC_WARN_UNUSED_VARIABLE = YES;
				IPHONEOS_DEPLOYMENT_TARGET = 12.0;
				MTL_ENABLE_DEBUG_INFO = INCLUDE_SOURCE;
				MTL_FAST_MATH = YES;
				ONLY_ACTIVE_ARCH = YES;
				SDKROOT = iphoneos;
				SWIFT_ACTIVE_COMPILATION_CONDITIONS = DEBUG;
				SWIFT_OPTIMIZATION_LEVEL = "-Onone";
			};
			name = Debug;
		};
		A3D56EA5217C724D007385C0 /* Release */ = {
			isa = XCBuildConfiguration;
			buildSettings = {
				ALWAYS_SEARCH_USER_PATHS = NO;
				CLANG_ANALYZER_NONNULL = YES;
				CLANG_ANALYZER_NUMBER_OBJECT_CONVERSION = YES_AGGRESSIVE;
				CLANG_CXX_LANGUAGE_STANDARD = "gnu++14";
				CLANG_CXX_LIBRARY = "libc++";
				CLANG_ENABLE_MODULES = YES;
				CLANG_ENABLE_OBJC_ARC = YES;
				CLANG_ENABLE_OBJC_WEAK = YES;
				CLANG_WARN_BLOCK_CAPTURE_AUTORELEASING = YES;
				CLANG_WARN_BOOL_CONVERSION = YES;
				CLANG_WARN_COMMA = YES;
				CLANG_WARN_CONSTANT_CONVERSION = YES;
				CLANG_WARN_DEPRECATED_OBJC_IMPLEMENTATIONS = YES;
				CLANG_WARN_DIRECT_OBJC_ISA_USAGE = YES_ERROR;
				CLANG_WARN_DOCUMENTATION_COMMENTS = YES;
				CLANG_WARN_EMPTY_BODY = YES;
				CLANG_WARN_ENUM_CONVERSION = YES;
				CLANG_WARN_INFINITE_RECURSION = YES;
				CLANG_WARN_INT_CONVERSION = YES;
				CLANG_WARN_NON_LITERAL_NULL_CONVERSION = YES;
				CLANG_WARN_OBJC_IMPLICIT_RETAIN_SELF = YES;
				CLANG_WARN_OBJC_LITERAL_CONVERSION = YES;
				CLANG_WARN_OBJC_ROOT_CLASS = YES_ERROR;
				CLANG_WARN_RANGE_LOOP_ANALYSIS = YES;
				CLANG_WARN_STRICT_PROTOTYPES = YES;
				CLANG_WARN_SUSPICIOUS_MOVE = YES;
				CLANG_WARN_UNGUARDED_AVAILABILITY = YES_AGGRESSIVE;
				CLANG_WARN_UNREACHABLE_CODE = YES;
				CLANG_WARN__DUPLICATE_METHOD_MATCH = YES;
				CODE_SIGN_IDENTITY = "iPhone Developer";
				COPY_PHASE_STRIP = NO;
				DEBUG_INFORMATION_FORMAT = "dwarf-with-dsym";
				ENABLE_NS_ASSERTIONS = NO;
				ENABLE_STRICT_OBJC_MSGSEND = YES;
				GCC_C_LANGUAGE_STANDARD = gnu11;
				GCC_NO_COMMON_BLOCKS = YES;
				GCC_WARN_64_TO_32_BIT_CONVERSION = YES;
				GCC_WARN_ABOUT_RETURN_TYPE = YES_ERROR;
				GCC_WARN_UNDECLARED_SELECTOR = YES;
				GCC_WARN_UNINITIALIZED_AUTOS = YES_AGGRESSIVE;
				GCC_WARN_UNUSED_FUNCTION = YES;
				GCC_WARN_UNUSED_VARIABLE = YES;
				IPHONEOS_DEPLOYMENT_TARGET = 12.0;
				MTL_ENABLE_DEBUG_INFO = NO;
				MTL_FAST_MATH = YES;
				SDKROOT = iphoneos;
				SWIFT_COMPILATION_MODE = wholemodule;
				SWIFT_OPTIMIZATION_LEVEL = "-O";
				VALIDATE_PRODUCT = YES;
			};
			name = Release;
		};
		A3D56EA7217C724D007385C0 /* Debug */ = {
			isa = XCBuildConfiguration;
			buildSettings = {
				ASSETCATALOG_COMPILER_APPICON_NAME = AppIcon;
				CODE_SIGN_STYLE = Automatic;
				INFOPLIST_FILE = jrcalc/Info.plist;
				IPHONEOS_DEPLOYMENT_TARGET = 10.0;
				LD_RUNPATH_SEARCH_PATHS = (
					"$(inherited)",
					"@executable_path/Frameworks",
				);
				PRODUCT_BUNDLE_IDENTIFIER = com.jerardev.jrcalc.jrcalc;
				PRODUCT_NAME = "$(TARGET_NAME)";
				SWIFT_VERSION = 4.2;
				TARGETED_DEVICE_FAMILY = "1,2";
			};
			name = Debug;
		};
		A3D56EA8217C724D007385C0 /* Release */ = {
			isa = XCBuildConfiguration;
			buildSettings = {
				ASSETCATALOG_COMPILER_APPICON_NAME = AppIcon;
				CODE_SIGN_STYLE = Automatic;
				INFOPLIST_FILE = jrcalc/Info.plist;
				IPHONEOS_DEPLOYMENT_TARGET = 10.0;
				LD_RUNPATH_SEARCH_PATHS = (
					"$(inherited)",
					"@executable_path/Frameworks",
				);
				PRODUCT_BUNDLE_IDENTIFIER = com.jerardev.jrcalc.jrcalc;
				PRODUCT_NAME = "$(TARGET_NAME)";
				SWIFT_VERSION = 4.2;
				TARGETED_DEVICE_FAMILY = "1,2";
			};
			name = Release;
		};
/* End XCBuildConfiguration section */

/* Begin XCConfigurationList section */
		A3D56E8F217C724A007385C0 /* Build configuration list for PBXProject "jrcalc" */ = {
			isa = XCConfigurationList;
			buildConfigurations = (
				A3D56EA4217C724D007385C0 /* Debug */,
				A3D56EA5217C724D007385C0 /* Release */,
			);
			defaultConfigurationIsVisible = 0;
			defaultConfigurationName = Release;
		};
		A3D56EA6217C724D007385C0 /* Build configuration list for PBXNativeTarget "jrcalc" */ = {
			isa = XCConfigurationList;
			buildConfigurations = (
				A3D56EA7217C724D007385C0 /* Debug */,
				A3D56EA8217C724D007385C0 /* Release */,
			);
			defaultConfigurationIsVisible = 0;
			defaultConfigurationName = Release;
		};
/* End XCConfigurationList section */
	};
	rootObject = A3D56E8C217C724A007385C0 /* Project object */;
}
